// !$*UTF8*$!
{
	archiveVersion = 1;
	classes = {
	};
	objectVersion = 56;
	objects = {

/* Begin PBXBuildFile section */
		9504B07029A5E78500334DEE /* libframework.a in Frameworks */ = {isa = PBXBuildFile; fileRef = 9504B06F29A5E78500334DEE /* libframework.a */; settings = {ATTRIBUTES = (Required, ); }; };
		95E73F8529A5D834004AC358 /* AppDelegate.m in Sources */ = {isa = PBXBuildFile; fileRef = 95E73F8429A5D834004AC358 /* AppDelegate.m */; };
		95E73F8829A5D834004AC358 /* SceneDelegate.m in Sources */ = {isa = PBXBuildFile; fileRef = 95E73F8729A5D834004AC358 /* SceneDelegate.m */; };
		95E73F8B29A5D834004AC358 /* ViewController.m in Sources */ = {isa = PBXBuildFile; fileRef = 95E73F8A29A5D834004AC358 /* ViewController.m */; };
		95E73F8E29A5D834004AC358 /* Main.storyboard in Resources */ = {isa = PBXBuildFile; fileRef = 95E73F8C29A5D834004AC358 /* Main.storyboard */; };
		95E73F9029A5D835004AC358 /* Assets.xcassets in Resources */ = {isa = PBXBuildFile; fileRef = 95E73F8F29A5D835004AC358 /* Assets.xcassets */; };
		95E73F9329A5D835004AC358 /* LaunchScreen.storyboard in Resources */ = {isa = PBXBuildFile; fileRef = 95E73F9129A5D835004AC358 /* LaunchScreen.storyboard */; };
		95E73F9629A5D835004AC358 /* main.m in Sources */ = {isa = PBXBuildFile; fileRef = 95E73F9529A5D835004AC358 /* main.m */; };
/* End PBXBuildFile section */

/* Begin PBXFileReference section */
		9504B06F29A5E78500334DEE /* libframework.a */ = {isa = PBXFileReference; lastKnownFileType = archive.ar; name = libframework.a; path = ../framework/target/libframework.a; sourceTree = "<group>"; };
		95E73F8029A5D834004AC358 /* VulkanExample00.app */ = {isa = PBXFileReference; explicitFileType = wrapper.application; includeInIndex = 0; path = VulkanExample00.app; sourceTree = BUILT_PRODUCTS_DIR; };
		95E73F8329A5D834004AC358 /* AppDelegate.h */ = {isa = PBXFileReference; lastKnownFileType = sourcecode.c.h; path = AppDelegate.h; sourceTree = "<group>"; };
		95E73F8429A5D834004AC358 /* AppDelegate.m */ = {isa = PBXFileReference; lastKnownFileType = sourcecode.c.objc; path = AppDelegate.m; sourceTree = "<group>"; };
		95E73F8629A5D834004AC358 /* SceneDelegate.h */ = {isa = PBXFileReference; lastKnownFileType = sourcecode.c.h; path = SceneDelegate.h; sourceTree = "<group>"; };
		95E73F8729A5D834004AC358 /* SceneDelegate.m */ = {isa = PBXFileReference; lastKnownFileType = sourcecode.c.objc; path = SceneDelegate.m; sourceTree = "<group>"; };
		95E73F8929A5D834004AC358 /* ViewController.h */ = {isa = PBXFileReference; lastKnownFileType = sourcecode.c.h; path = ViewController.h; sourceTree = "<group>"; };
		95E73F8A29A5D834004AC358 /* ViewController.m */ = {isa = PBXFileReference; lastKnownFileType = sourcecode.c.objc; path = ViewController.m; sourceTree = "<group>"; };
		95E73F8D29A5D834004AC358 /* Base */ = {isa = PBXFileReference; lastKnownFileType = file.storyboard; name = Base; path = Base.lproj/Main.storyboard; sourceTree = "<group>"; };
		95E73F8F29A5D835004AC358 /* Assets.xcassets */ = {isa = PBXFileReference; lastKnownFileType = folder.assetcatalog; path = Assets.xcassets; sourceTree = "<group>"; };
		95E73F9229A5D835004AC358 /* Base */ = {isa = PBXFileReference; lastKnownFileType = file.storyboard; name = Base; path = Base.lproj/LaunchScreen.storyboard; sourceTree = "<group>"; };
		95E73F9429A5D835004AC358 /* Info.plist */ = {isa = PBXFileReference; lastKnownFileType = text.plist.xml; path = Info.plist; sourceTree = "<group>"; };
		95E73F9529A5D835004AC358 /* main.m */ = {isa = PBXFileReference; lastKnownFileType = sourcecode.c.objc; path = main.m; sourceTree = "<group>"; };
		95E73F9C29A5DD46004AC358 /* framework.h */ = {isa = PBXFileReference; lastKnownFileType = sourcecode.c.h; path = framework.h; sourceTree = "<group>"; };
/* End PBXFileReference section */

/* Begin PBXFrameworksBuildPhase section */
		95E73F7D29A5D834004AC358 /* Frameworks */ = {
			isa = PBXFrameworksBuildPhase;
			buildActionMask = 2147483647;
			files = (
				9504B07029A5E78500334DEE /* libframework.a in Frameworks */,
			);
			runOnlyForDeploymentPostprocessing = 0;
		};
/* End PBXFrameworksBuildPhase section */

/* Begin PBXGroup section */
		9504B06E29A5E78500334DEE /* Frameworks */ = {
			isa = PBXGroup;
			children = (
				9504B06F29A5E78500334DEE /* libframework.a */,
			);
			name = Frameworks;
			sourceTree = "<group>";
		};
		95E73F7729A5D834004AC358 = {
			isa = PBXGroup;
			children = (
				95E73F8229A5D834004AC358 /* VulkanExample00 */,
				95E73F8129A5D834004AC358 /* Products */,
				9504B06E29A5E78500334DEE /* Frameworks */,
			);
			sourceTree = "<group>";
		};
		95E73F8129A5D834004AC358 /* Products */ = {
			isa = PBXGroup;
			children = (
				95E73F8029A5D834004AC358 /* VulkanExample00.app */,
			);
			name = Products;
			sourceTree = "<group>";
		};
		95E73F8229A5D834004AC358 /* VulkanExample00 */ = {
			isa = PBXGroup;
			children = (
				95E73F8329A5D834004AC358 /* AppDelegate.h */,
				95E73F8429A5D834004AC358 /* AppDelegate.m */,
				95E73F8629A5D834004AC358 /* SceneDelegate.h */,
				95E73F8729A5D834004AC358 /* SceneDelegate.m */,
				95E73F8929A5D834004AC358 /* ViewController.h */,
				95E73F8A29A5D834004AC358 /* ViewController.m */,
				95E73F8C29A5D834004AC358 /* Main.storyboard */,
				95E73F8F29A5D835004AC358 /* Assets.xcassets */,
				95E73F9129A5D835004AC358 /* LaunchScreen.storyboard */,
				95E73F9429A5D835004AC358 /* Info.plist */,
				95E73F9529A5D835004AC358 /* main.m */,
				95E73F9C29A5DD46004AC358 /* framework.h */,
			);
			path = VulkanExample00;
			sourceTree = "<group>";
		};
/* End PBXGroup section */

/* Begin PBXNativeTarget section */
		95E73F7F29A5D834004AC358 /* VulkanExample00 */ = {
			isa = PBXNativeTarget;
			buildConfigurationList = 95E73F9929A5D835004AC358 /* Build configuration list for PBXNativeTarget "VulkanExample00" */;
			buildPhases = (
				9504B06D29A5E3B900334DEE /* ShellScript */,
				95E73F7C29A5D834004AC358 /* Sources */,
				95E73F7D29A5D834004AC358 /* Frameworks */,
				95E73F7E29A5D834004AC358 /* Resources */,
			);
			buildRules = (
			);
			dependencies = (
			);
			name = VulkanExample00;
			productName = VulkanExample00;
			productReference = 95E73F8029A5D834004AC358 /* VulkanExample00.app */;
			productType = "com.apple.product-type.application";
		};
/* End PBXNativeTarget section */

/* Begin PBXProject section */
		95E73F7829A5D834004AC358 /* Project object */ = {
			isa = PBXProject;
			attributes = {
				BuildIndependentTargetsInParallel = 1;
				LastUpgradeCheck = 1420;
				TargetAttributes = {
					95E73F7F29A5D834004AC358 = {
						CreatedOnToolsVersion = 14.2;
					};
				};
			};
			buildConfigurationList = 95E73F7B29A5D834004AC358 /* Build configuration list for PBXProject "VulkanExample00" */;
			compatibilityVersion = "Xcode 14.0";
			developmentRegion = en;
			hasScannedForEncodings = 0;
			knownRegions = (
				en,
				Base,
			);
			mainGroup = 95E73F7729A5D834004AC358;
			productRefGroup = 95E73F8129A5D834004AC358 /* Products */;
			projectDirPath = "";
			projectRoot = "";
			targets = (
				95E73F7F29A5D834004AC358 /* VulkanExample00 */,
			);
		};
/* End PBXProject section */

/* Begin PBXResourcesBuildPhase section */
		95E73F7E29A5D834004AC358 /* Resources */ = {
			isa = PBXResourcesBuildPhase;
			buildActionMask = 2147483647;
			files = (
				95E73F9329A5D835004AC358 /* LaunchScreen.storyboard in Resources */,
				95E73F9029A5D835004AC358 /* Assets.xcassets in Resources */,
				95E73F8E29A5D834004AC358 /* Main.storyboard in Resources */,
			);
			runOnlyForDeploymentPostprocessing = 0;
		};
/* End PBXResourcesBuildPhase section */

/* Begin PBXShellScriptBuildPhase section */
		9504B06D29A5E3B900334DEE /* ShellScript */ = {
			isa = PBXShellScriptBuildPhase;
			alwaysOutOfDate = 1;
			buildActionMask = 12;
			files = (
			);
			inputFileListPaths = (
			);
			inputPaths = (
			);
			outputFileListPaths = (
			);
			outputPaths = (
			);
			runOnlyForDeploymentPostprocessing = 0;
			shellPath = /bin/zsh;
			shellScript = "cd \"./../framework/\"\ncargo build --release --target aarch64-apple-ios --target x86_64-apple-ios\nlipo -create -output \"./target/libframework.a\" \"./target/aarch64-apple-ios/release/libframework.a\" \"./target/x86_64-apple-ios/release/libframework.a\"\n";
			showEnvVarsInLog = 0;
		};
/* End PBXShellScriptBuildPhase section */

/* Begin PBXSourcesBuildPhase section */
		95E73F7C29A5D834004AC358 /* Sources */ = {
			isa = PBXSourcesBuildPhase;
			buildActionMask = 2147483647;
			files = (
				95E73F8B29A5D834004AC358 /* ViewController.m in Sources */,
				95E73F8529A5D834004AC358 /* AppDelegate.m in Sources */,
				95E73F9629A5D835004AC358 /* main.m in Sources */,
				95E73F8829A5D834004AC358 /* SceneDelegate.m in Sources */,
			);
			runOnlyForDeploymentPostprocessing = 0;
		};
/* End PBXSourcesBuildPhase section */

/* Begin PBXVariantGroup section */
		95E73F8C29A5D834004AC358 /* Main.storyboard */ = {
			isa = PBXVariantGroup;
			children = (
				95E73F8D29A5D834004AC358 /* Base */,
			);
			name = Main.storyboard;
			sourceTree = "<group>";
		};
		95E73F9129A5D835004AC358 /* LaunchScreen.storyboard */ = {
			isa = PBXVariantGroup;
			children = (
				95E73F9229A5D835004AC358 /* Base */,
			);
			name = LaunchScreen.storyboard;
			sourceTree = "<group>";
		};
/* End PBXVariantGroup section */

/* Begin XCBuildConfiguration section */
		95E73F9729A5D835004AC358 /* Debug */ = {
			isa = XCBuildConfiguration;
			buildSettings = {
				ALWAYS_SEARCH_USER_PATHS = NO;
				CLANG_ANALYZER_NONNULL = YES;
				CLANG_ANALYZER_NUMBER_OBJECT_CONVERSION = YES_AGGRESSIVE;
				CLANG_CXX_LANGUAGE_STANDARD = "c++20";
				CLANG_ENABLE_MODULES = YES;
				CLANG_ENABLE_OBJC_ARC = YES;
				CLANG_ENABLE_OBJC_WEAK = YES;
				CLANG_WARN_BLOCK_CAPTURE_AUTORELEASING = YES;
				CLANG_WARN_BOOL_CONVERSION = YES;
				CLANG_WARN_COMMA = YES;
				CLANG_WARN_CONSTANT_CONVERSION = YES;
				CLANG_WARN_DEPRECATED_OBJC_IMPLEMENTATIONS = YES;
				CLANG_WARN_DIRECT_OBJC_ISA_USAGE = YES_ERROR;
				CLANG_WARN_DOCUMENTATION_COMMENTS = YES;
				CLANG_WARN_EMPTY_BODY = YES;
				CLANG_WARN_ENUM_CONVERSION = YES;
				CLANG_WARN_INFINITE_RECURSION = YES;
				CLANG_WARN_INT_CONVERSION = YES;
				CLANG_WARN_NON_LITERAL_NULL_CONVERSION = YES;
				CLANG_WARN_OBJC_IMPLICIT_RETAIN_SELF = YES;
				CLANG_WARN_OBJC_LITERAL_CONVERSION = YES;
				CLANG_WARN_OBJC_ROOT_CLASS = YES_ERROR;
				CLANG_WARN_QUOTED_INCLUDE_IN_FRAMEWORK_HEADER = YES;
				CLANG_WARN_RANGE_LOOP_ANALYSIS = YES;
				CLANG_WARN_STRICT_PROTOTYPES = YES;
				CLANG_WARN_SUSPICIOUS_MOVE = YES;
				CLANG_WARN_UNGUARDED_AVAILABILITY = YES_AGGRESSIVE;
				CLANG_WARN_UNREACHABLE_CODE = YES;
				CLANG_WARN__DUPLICATE_METHOD_MATCH = YES;
				COPY_PHASE_STRIP = NO;
				DEBUG_INFORMATION_FORMAT = dwarf;
				ENABLE_STRICT_OBJC_MSGSEND = YES;
				ENABLE_TESTABILITY = YES;
				GCC_C_LANGUAGE_STANDARD = c11;
				GCC_DYNAMIC_NO_PIC = NO;
				GCC_NO_COMMON_BLOCKS = YES;
				GCC_OPTIMIZATION_LEVEL = 0;
				GCC_PREPROCESSOR_DEFINITIONS = (
					"DEBUG=1",
					"$(inherited)",
				);
				GCC_WARN_64_TO_32_BIT_CONVERSION = YES;
				GCC_WARN_ABOUT_RETURN_TYPE = YES_ERROR;
				GCC_WARN_UNDECLARED_SELECTOR = YES;
				GCC_WARN_UNINITIALIZED_AUTOS = YES_AGGRESSIVE;
				GCC_WARN_UNUSED_FUNCTION = YES;
				GCC_WARN_UNUSED_VARIABLE = YES;
				IPHONEOS_DEPLOYMENT_TARGET = 14.0;
				MTL_ENABLE_DEBUG_INFO = INCLUDE_SOURCE;
				MTL_FAST_MATH = YES;
				ONLY_ACTIVE_ARCH = YES;
				SDKROOT = iphoneos;
			};
			name = Debug;
		};
		95E73F9829A5D835004AC358 /* Release */ = {
			isa = XCBuildConfiguration;
			buildSettings = {
				ALWAYS_SEARCH_USER_PATHS = NO;
				CLANG_ANALYZER_NONNULL = YES;
				CLANG_ANALYZER_NUMBER_OBJECT_CONVERSION = YES_AGGRESSIVE;
				CLANG_CXX_LANGUAGE_STANDARD = "c++20";
				CLANG_ENABLE_MODULES = YES;
				CLANG_ENABLE_OBJC_ARC = YES;
				CLANG_ENABLE_OBJC_WEAK = YES;
				CLANG_WARN_BLOCK_CAPTURE_AUTORELEASING = YES;
				CLANG_WARN_BOOL_CONVERSION = YES;
				CLANG_WARN_COMMA = YES;
				CLANG_WARN_CONSTANT_CONVERSION = YES;
				CLANG_WARN_DEPRECATED_OBJC_IMPLEMENTATIONS = YES;
				CLANG_WARN_DIRECT_OBJC_ISA_USAGE = YES_ERROR;
				CLANG_WARN_DOCUMENTATION_COMMENTS = YES;
				CLANG_WARN_EMPTY_BODY = YES;
				CLANG_WARN_ENUM_CONVERSION = YES;
				CLANG_WARN_INFINITE_RECURSION = YES;
				CLANG_WARN_INT_CONVERSION = YES;
				CLANG_WARN_NON_LITERAL_NULL_CONVERSION = YES;
				CLANG_WARN_OBJC_IMPLICIT_RETAIN_SELF = YES;
				CLANG_WARN_OBJC_LITERAL_CONVERSION = YES;
				CLANG_WARN_OBJC_ROOT_CLASS = YES_ERROR;
				CLANG_WARN_QUOTED_INCLUDE_IN_FRAMEWORK_HEADER = YES;
				CLANG_WARN_RANGE_LOOP_ANALYSIS = YES;
				CLANG_WARN_STRICT_PROTOTYPES = YES;
				CLANG_WARN_SUSPICIOUS_MOVE = YES;
				CLANG_WARN_UNGUARDED_AVAILABILITY = YES_AGGRESSIVE;
				CLANG_WARN_UNREACHABLE_CODE = YES;
				CLANG_WARN__DUPLICATE_METHOD_MATCH = YES;
				COPY_PHASE_STRIP = NO;
				DEBUG_INFORMATION_FORMAT = "dwarf-with-dsym";
				ENABLE_NS_ASSERTIONS = NO;
				ENABLE_STRICT_OBJC_MSGSEND = YES;
				GCC_C_LANGUAGE_STANDARD = c11;
				GCC_NO_COMMON_BLOCKS = YES;
				GCC_WARN_64_TO_32_BIT_CONVERSION = YES;
				GCC_WARN_ABOUT_RETURN_TYPE = YES_ERROR;
				GCC_WARN_UNDECLARED_SELECTOR = YES;
				GCC_WARN_UNINITIALIZED_AUTOS = YES_AGGRESSIVE;
				GCC_WARN_UNUSED_FUNCTION = YES;
				GCC_WARN_UNUSED_VARIABLE = YES;
				IPHONEOS_DEPLOYMENT_TARGET = 14.0;
				MTL_ENABLE_DEBUG_INFO = NO;
				MTL_FAST_MATH = YES;
				SDKROOT = iphoneos;
				VALIDATE_PRODUCT = YES;
			};
			name = Release;
		};
		95E73F9A29A5D835004AC358 /* Debug */ = {
			isa = XCBuildConfiguration;
			buildSettings = {
				ASSETCATALOG_COMPILER_APPICON_NAME = AppIcon;
				ASSETCATALOG_COMPILER_GLOBAL_ACCENT_COLOR_NAME = AccentColor;
				CODE_SIGN_IDENTITY = "Apple Development";
				CODE_SIGN_STYLE = Automatic;
				CURRENT_PROJECT_VERSION = 1;
				DEVELOPMENT_TEAM = "";
				EXCLUDED_ARCHS = arm64;
				GENERATE_INFOPLIST_FILE = YES;
				INFOPLIST_FILE = VulkanExample00/Info.plist;
				INFOPLIST_KEY_UIApplicationSupportsIndirectInputEvents = YES;
				INFOPLIST_KEY_UILaunchStoryboardName = LaunchScreen;
				INFOPLIST_KEY_UIMainStoryboardFile = Main;
				INFOPLIST_KEY_UIRequiresFullScreen = YES;
				INFOPLIST_KEY_UIStatusBarStyle = "";
				INFOPLIST_KEY_UISupportedInterfaceOrientations = "UIInterfaceOrientationLandscapeLeft UIInterfaceOrientationLandscapeRight";
				IPHONEOS_DEPLOYMENT_TARGET = 14.0;
				LD_RUNPATH_SEARCH_PATHS = (
					"$(inherited)",
					"@executable_path/Frameworks",
				);
				LIBRARY_SEARCH_PATHS = "$(PROJECT_DIR)/../framework/target/";
				MARKETING_VERSION = 1.0;
				ONLY_ACTIVE_ARCH = YES;
				PRODUCT_BUNDLE_IDENTIFIER = com.HK416.VulkanExample00;
				PRODUCT_NAME = "$(TARGET_NAME)";
				PROVISIONING_PROFILE_SPECIFIER = "";
				SWIFT_EMIT_LOC_STRINGS = YES;
				TARGETED_DEVICE_FAMILY = "1,2";
			};
			name = Debug;
		};
		95E73F9B29A5D835004AC358 /* Release */ = {
			isa = XCBuildConfiguration;
			buildSettings = {
				ASSETCATALOG_COMPILER_APPICON_NAME = AppIcon;
				ASSETCATALOG_COMPILER_GLOBAL_ACCENT_COLOR_NAME = AccentColor;
				CODE_SIGN_IDENTITY = "Apple Development";
				CODE_SIGN_STYLE = Automatic;
				CURRENT_PROJECT_VERSION = 1;
				DEVELOPMENT_TEAM = "";
				GENERATE_INFOPLIST_FILE = YES;
				INFOPLIST_FILE = VulkanExample00/Info.plist;
				INFOPLIST_KEY_UIApplicationSupportsIndirectInputEvents = YES;
				INFOPLIST_KEY_UILaunchStoryboardName = LaunchScreen;
				INFOPLIST_KEY_UIMainStoryboardFile = Main;
				INFOPLIST_KEY_UIRequiresFullScreen = YES;
				INFOPLIST_KEY_UIStatusBarStyle = "";
				INFOPLIST_KEY_UISupportedInterfaceOrientations = "UIInterfaceOrientationLandscapeLeft UIInterfaceOrientationLandscapeRight";
				IPHONEOS_DEPLOYMENT_TARGET = 14.0;
				LD_RUNPATH_SEARCH_PATHS = (
					"$(inherited)",
					"@executable_path/Frameworks",
				);
				LIBRARY_SEARCH_PATHS = "$(PROJECT_DIR)/../framework/target/";
				MARKETING_VERSION = 1.0;
				PRODUCT_BUNDLE_IDENTIFIER = com.HK416.VulkanExample00;
				PRODUCT_NAME = "$(TARGET_NAME)";
				PROVISIONING_PROFILE_SPECIFIER = "";
				SWIFT_EMIT_LOC_STRINGS = YES;
				TARGETED_DEVICE_FAMILY = "1,2";
			};
			name = Release;
		};
/* End XCBuildConfiguration section */

/* Begin XCConfigurationList section */
		95E73F7B29A5D834004AC358 /* Build configuration list for PBXProject "VulkanExample00" */ = {
			isa = XCConfigurationList;
			buildConfigurations = (
				95E73F9729A5D835004AC358 /* Debug */,
				95E73F9829A5D835004AC358 /* Release */,
			);
			defaultConfigurationIsVisible = 0;
			defaultConfigurationName = Release;
		};
		95E73F9929A5D835004AC358 /* Build configuration list for PBXNativeTarget "VulkanExample00" */ = {
			isa = XCConfigurationList;
			buildConfigurations = (
				95E73F9A29A5D835004AC358 /* Debug */,
				95E73F9B29A5D835004AC358 /* Release */,
			);
			defaultConfigurationIsVisible = 0;
			defaultConfigurationName = Release;
		};
/* End XCConfigurationList section */
	};
	rootObject = 95E73F7829A5D834004AC358 /* Project object */;
}
